// !$*UTF8*$!
{
	archiveVersion = 1;
	classes = {
	};
	objectVersion = 50;
	objects = {

/* Begin PBXBuildFile section */
		C034A7B524D1D1C5008298CF /* AppDelegate.swift in Sources */ = {isa = PBXBuildFile; fileRef = C034A7B424D1D1C5008298CF /* AppDelegate.swift */; };
		C034A7B924D1D1C5008298CF /* ViewController.swift in Sources */ = {isa = PBXBuildFile; fileRef = C034A7B824D1D1C5008298CF /* ViewController.swift */; };
		C034A7BC24D1D1C5008298CF /* Main.storyboard in Resources */ = {isa = PBXBuildFile; fileRef = C034A7BA24D1D1C5008298CF /* Main.storyboard */; };
		C034A7BE24D1D1C6008298CF /* Assets.xcassets in Resources */ = {isa = PBXBuildFile; fileRef = C034A7BD24D1D1C6008298CF /* Assets.xcassets */; };
		C034A7C124D1D1C6008298CF /* LaunchScreen.storyboard in Resources */ = {isa = PBXBuildFile; fileRef = C034A7BF24D1D1C6008298CF /* LaunchScreen.storyboard */; };
		C034A7D524D1D2C3008298CF /* QubitSDK.framework in Frameworks */ = {isa = PBXBuildFile; fileRef = C034A7D324D1D2BF008298CF /* QubitSDK.framework */; };
		C034A7D624D1D2C3008298CF /* QubitSDK.framework in Embed Frameworks */ = {isa = PBXBuildFile; fileRef = C034A7D324D1D2BF008298CF /* QubitSDK.framework */; settings = {ATTRIBUTES = (CodeSignOnCopy, RemoveHeadersOnCopy, ); }; };
/* End PBXBuildFile section */

/* Begin PBXCopyFilesBuildPhase section */
		C034A7CC24D1D1DF008298CF /* Embed Frameworks */ = {
			isa = PBXCopyFilesBuildPhase;
			buildActionMask = 2147483647;
			dstPath = "";
			dstSubfolderSpec = 10;
			files = (
				C034A7D624D1D2C3008298CF /* QubitSDK.framework in Embed Frameworks */,
			);
			name = "Embed Frameworks";
			runOnlyForDeploymentPostprocessing = 0;
		};
/* End PBXCopyFilesBuildPhase section */

/* Begin PBXFileReference section */
		C034A7B124D1D1C5008298CF /* QubitSwiftFrameworkDebugExampleApp.app */ = {isa = PBXFileReference; explicitFileType = wrapper.application; includeInIndex = 0; path = QubitSwiftFrameworkDebugExampleApp.app; sourceTree = BUILT_PRODUCTS_DIR; };
		C034A7B424D1D1C5008298CF /* AppDelegate.swift */ = {isa = PBXFileReference; lastKnownFileType = sourcecode.swift; path = AppDelegate.swift; sourceTree = "<group>"; };
		C034A7B824D1D1C5008298CF /* ViewController.swift */ = {isa = PBXFileReference; lastKnownFileType = sourcecode.swift; path = ViewController.swift; sourceTree = "<group>"; };
		C034A7BB24D1D1C5008298CF /* Base */ = {isa = PBXFileReference; lastKnownFileType = file.storyboard; name = Base; path = Base.lproj/Main.storyboard; sourceTree = "<group>"; };
		C034A7BD24D1D1C6008298CF /* Assets.xcassets */ = {isa = PBXFileReference; lastKnownFileType = folder.assetcatalog; path = Assets.xcassets; sourceTree = "<group>"; };
		C034A7C024D1D1C6008298CF /* Base */ = {isa = PBXFileReference; lastKnownFileType = file.storyboard; name = Base; path = Base.lproj/LaunchScreen.storyboard; sourceTree = "<group>"; };
		C034A7C224D1D1C6008298CF /* Info.plist */ = {isa = PBXFileReference; lastKnownFileType = text.plist.xml; path = Info.plist; sourceTree = "<group>"; };
		C034A7D324D1D2BF008298CF /* QubitSDK.framework */ = {isa = PBXFileReference; lastKnownFileType = wrapper.framework; path = QubitSDK.framework; sourceTree = "<group>"; };
/* End PBXFileReference section */

/* Begin PBXFrameworksBuildPhase section */
		C034A7AE24D1D1C5008298CF /* Frameworks */ = {
			isa = PBXFrameworksBuildPhase;
			buildActionMask = 2147483647;
			files = (
				C034A7D524D1D2C3008298CF /* QubitSDK.framework in Frameworks */,
			);
			runOnlyForDeploymentPostprocessing = 0;
		};
/* End PBXFrameworksBuildPhase section */

/* Begin PBXGroup section */
		C034A7A824D1D1C5008298CF = {
			isa = PBXGroup;
			children = (
				C034A7D324D1D2BF008298CF /* QubitSDK.framework */,
				C034A7B324D1D1C5008298CF /* QubitSwiftFrameworkDebugExampleApp */,
				C034A7B224D1D1C5008298CF /* Products */,
			);
			sourceTree = "<group>";
		};
		C034A7B224D1D1C5008298CF /* Products */ = {
			isa = PBXGroup;
			children = (
				C034A7B124D1D1C5008298CF /* QubitSwiftFrameworkDebugExampleApp.app */,
			);
			name = Products;
			sourceTree = "<group>";
		};
		C034A7B324D1D1C5008298CF /* QubitSwiftFrameworkDebugExampleApp */ = {
			isa = PBXGroup;
			children = (
				C034A7B424D1D1C5008298CF /* AppDelegate.swift */,
				C034A7B824D1D1C5008298CF /* ViewController.swift */,
				C034A7BA24D1D1C5008298CF /* Main.storyboard */,
				C034A7BD24D1D1C6008298CF /* Assets.xcassets */,
				C034A7BF24D1D1C6008298CF /* LaunchScreen.storyboard */,
				C034A7C224D1D1C6008298CF /* Info.plist */,
			);
			path = QubitSwiftFrameworkDebugExampleApp;
			sourceTree = "<group>";
		};
/* End PBXGroup section */

/* Begin PBXNativeTarget section */
		C034A7B024D1D1C5008298CF /* QubitSwiftFrameworkDebugExampleApp */ = {
			isa = PBXNativeTarget;
			buildConfigurationList = C034A7C524D1D1C6008298CF /* Build configuration list for PBXNativeTarget "QubitSwiftFrameworkDebugExampleApp" */;
			buildPhases = (
				C034A7AD24D1D1C5008298CF /* Sources */,
				C034A7AE24D1D1C5008298CF /* Frameworks */,
				C034A7AF24D1D1C5008298CF /* Resources */,
				C034A7CC24D1D1DF008298CF /* Embed Frameworks */,
			);
			buildRules = (
			);
			dependencies = (
			);
			name = QubitSwiftFrameworkDebugExampleApp;
			productName = QubitSwiftFrameworkDebugExampleApp;
			productReference = C034A7B124D1D1C5008298CF /* QubitSwiftFrameworkDebugExampleApp.app */;
			productType = "com.apple.product-type.application";
		};
/* End PBXNativeTarget section */

/* Begin PBXProject section */
		C034A7A924D1D1C5008298CF /* Project object */ = {
			isa = PBXProject;
			attributes = {
				LastSwiftUpdateCheck = 1160;
				LastUpgradeCheck = 1160;
				ORGANIZATIONNAME = "Mariusz Jakowienko";
				TargetAttributes = {
					C034A7B024D1D1C5008298CF = {
						CreatedOnToolsVersion = 11.6;
					};
				};
			};
			buildConfigurationList = C034A7AC24D1D1C5008298CF /* Build configuration list for PBXProject "QubitSwiftFrameworkDebugExampleApp" */;
			compatibilityVersion = "Xcode 9.3";
			developmentRegion = en;
			hasScannedForEncodings = 0;
			knownRegions = (
				en,
				Base,
			);
			mainGroup = C034A7A824D1D1C5008298CF;
			productRefGroup = C034A7B224D1D1C5008298CF /* Products */;
			projectDirPath = "";
			projectRoot = "";
			targets = (
				C034A7B024D1D1C5008298CF /* QubitSwiftFrameworkDebugExampleApp */,
			);
		};
/* End PBXProject section */

/* Begin PBXResourcesBuildPhase section */
		C034A7AF24D1D1C5008298CF /* Resources */ = {
			isa = PBXResourcesBuildPhase;
			buildActionMask = 2147483647;
			files = (
				C034A7C124D1D1C6008298CF /* LaunchScreen.storyboard in Resources */,
				C034A7BE24D1D1C6008298CF /* Assets.xcassets in Resources */,
				C034A7BC24D1D1C5008298CF /* Main.storyboard in Resources */,
			);
			runOnlyForDeploymentPostprocessing = 0;
		};
/* End PBXResourcesBuildPhase section */

/* Begin PBXSourcesBuildPhase section */
		C034A7AD24D1D1C5008298CF /* Sources */ = {
			isa = PBXSourcesBuildPhase;
			buildActionMask = 2147483647;
			files = (
				C034A7B924D1D1C5008298CF /* ViewController.swift in Sources */,
				C034A7B524D1D1C5008298CF /* AppDelegate.swift in Sources */,
			);
			runOnlyForDeploymentPostprocessing = 0;
		};
/* End PBXSourcesBuildPhase section */

/* Begin PBXVariantGroup section */
		C034A7BA24D1D1C5008298CF /* Main.storyboard */ = {
			isa = PBXVariantGroup;
			children = (
				C034A7BB24D1D1C5008298CF /* Base */,
			);
			name = Main.storyboard;
			sourceTree = "<group>";
		};
		C034A7BF24D1D1C6008298CF /* LaunchScreen.storyboard */ = {
			isa = PBXVariantGroup;
			children = (
				C034A7C024D1D1C6008298CF /* Base */,
			);
			name = LaunchScreen.storyboard;
			sourceTree = "<group>";
		};
/* End PBXVariantGroup section */

/* Begin XCBuildConfiguration section */
		C034A7C324D1D1C6008298CF /* Debug */ = {
			isa = XCBuildConfiguration;
			buildSettings = {
				ALWAYS_SEARCH_USER_PATHS = NO;
				CLANG_ANALYZER_NONNULL = YES;
				CLANG_ANALYZER_NUMBER_OBJECT_CONVERSION = YES_AGGRESSIVE;
				CLANG_CXX_LANGUAGE_STANDARD = "gnu++14";
				CLANG_CXX_LIBRARY = "libc++";
				CLANG_ENABLE_MODULES = YES;
				CLANG_ENABLE_OBJC_ARC = YES;
				CLANG_ENABLE_OBJC_WEAK = YES;
				CLANG_WARN_BLOCK_CAPTURE_AUTORELEASING = YES;
				CLANG_WARN_BOOL_CONVERSION = YES;
				CLANG_WARN_COMMA = YES;
				CLANG_WARN_CONSTANT_CONVERSION = YES;
				CLANG_WARN_DEPRECATED_OBJC_IMPLEMENTATIONS = YES;
				CLANG_WARN_DIRECT_OBJC_ISA_USAGE = YES_ERROR;
				CLANG_WARN_DOCUMENTATION_COMMENTS = YES;
				CLANG_WARN_EMPTY_BODY = YES;
				CLANG_WARN_ENUM_CONVERSION = YES;
				CLANG_WARN_INFINITE_RECURSION = YES;
				CLANG_WARN_INT_CONVERSION = YES;
				CLANG_WARN_NON_LITERAL_NULL_CONVERSION = YES;
				CLANG_WARN_OBJC_IMPLICIT_RETAIN_SELF = YES;
				CLANG_WARN_OBJC_LITERAL_CONVERSION = YES;
				CLANG_WARN_OBJC_ROOT_CLASS = YES_ERROR;
				CLANG_WARN_RANGE_LOOP_ANALYSIS = YES;
				CLANG_WARN_STRICT_PROTOTYPES = YES;
				CLANG_WARN_SUSPICIOUS_MOVE = YES;
				CLANG_WARN_UNGUARDED_AVAILABILITY = YES_AGGRESSIVE;
				CLANG_WARN_UNREACHABLE_CODE = YES;
				CLANG_WARN__DUPLICATE_METHOD_MATCH = YES;
				COPY_PHASE_STRIP = NO;
				DEBUG_INFORMATION_FORMAT = dwarf;
				ENABLE_STRICT_OBJC_MSGSEND = YES;
				ENABLE_TESTABILITY = YES;
				GCC_C_LANGUAGE_STANDARD = gnu11;
				GCC_DYNAMIC_NO_PIC = NO;
				GCC_NO_COMMON_BLOCKS = YES;
				GCC_OPTIMIZATION_LEVEL = 0;
				GCC_PREPROCESSOR_DEFINITIONS = (
					"DEBUG=1",
					"$(inherited)",
				);
				GCC_WARN_64_TO_32_BIT_CONVERSION = YES;
				GCC_WARN_ABOUT_RETURN_TYPE = YES_ERROR;
				GCC_WARN_UNDECLARED_SELECTOR = YES;
				GCC_WARN_UNINITIALIZED_AUTOS = YES_AGGRESSIVE;
				GCC_WARN_UNUSED_FUNCTION = YES;
				GCC_WARN_UNUSED_VARIABLE = YES;
				IPHONEOS_DEPLOYMENT_TARGET = 13.6;
				MTL_ENABLE_DEBUG_INFO = INCLUDE_SOURCE;
				MTL_FAST_MATH = YES;
				ONLY_ACTIVE_ARCH = YES;
				SDKROOT = iphoneos;
				SWIFT_ACTIVE_COMPILATION_CONDITIONS = DEBUG;
				SWIFT_OPTIMIZATION_LEVEL = "-Onone";
			};
			name = Debug;
		};
		C034A7C424D1D1C6008298CF /* Release */ = {
			isa = XCBuildConfiguration;
			buildSettings = {
				ALWAYS_SEARCH_USER_PATHS = NO;
				CLANG_ANALYZER_NONNULL = YES;
				CLANG_ANALYZER_NUMBER_OBJECT_CONVERSION = YES_AGGRESSIVE;
				CLANG_CXX_LANGUAGE_STANDARD = "gnu++14";
				CLANG_CXX_LIBRARY = "libc++";
				CLANG_ENABLE_MODULES = YES;
				CLANG_ENABLE_OBJC_ARC = YES;
				CLANG_ENABLE_OBJC_WEAK = YES;
				CLANG_WARN_BLOCK_CAPTURE_AUTORELEASING = YES;
				CLANG_WARN_BOOL_CONVERSION = YES;
				CLANG_WARN_COMMA = YES;
				CLANG_WARN_CONSTANT_CONVERSION = YES;
				CLANG_WARN_DEPRECATED_OBJC_IMPLEMENTATIONS = YES;
				CLANG_WARN_DIRECT_OBJC_ISA_USAGE = YES_ERROR;
				CLANG_WARN_DOCUMENTATION_COMMENTS = YES;
				CLANG_WARN_EMPTY_BODY = YES;
				CLANG_WARN_ENUM_CONVERSION = YES;
				CLANG_WARN_INFINITE_RECURSION = YES;
				CLANG_WARN_INT_CONVERSION = YES;
				CLANG_WARN_NON_LITERAL_NULL_CONVERSION = YES;
				CLANG_WARN_OBJC_IMPLICIT_RETAIN_SELF = YES;
				CLANG_WARN_OBJC_LITERAL_CONVERSION = YES;
				CLANG_WARN_OBJC_ROOT_CLASS = YES_ERROR;
				CLANG_WARN_RANGE_LOOP_ANALYSIS = YES;
				CLANG_WARN_STRICT_PROTOTYPES = YES;
				CLANG_WARN_SUSPICIOUS_MOVE = YES;
				CLANG_WARN_UNGUARDED_AVAILABILITY = YES_AGGRESSIVE;
				CLANG_WARN_UNREACHABLE_CODE = YES;
				CLANG_WARN__DUPLICATE_METHOD_MATCH = YES;
				COPY_PHASE_STRIP = NO;
				DEBUG_INFORMATION_FORMAT = "dwarf-with-dsym";
				ENABLE_NS_ASSERTIONS = NO;
				ENABLE_STRICT_OBJC_MSGSEND = YES;
				GCC_C_LANGUAGE_STANDARD = gnu11;
				GCC_NO_COMMON_BLOCKS = YES;
				GCC_WARN_64_TO_32_BIT_CONVERSION = YES;
				GCC_WARN_ABOUT_RETURN_TYPE = YES_ERROR;
				GCC_WARN_UNDECLARED_SELECTOR = YES;
				GCC_WARN_UNINITIALIZED_AUTOS = YES_AGGRESSIVE;
				GCC_WARN_UNUSED_FUNCTION = YES;
				GCC_WARN_UNUSED_VARIABLE = YES;
				IPHONEOS_DEPLOYMENT_TARGET = 13.6;
				MTL_ENABLE_DEBUG_INFO = NO;
				MTL_FAST_MATH = YES;
				SDKROOT = iphoneos;
				SWIFT_COMPILATION_MODE = wholemodule;
				SWIFT_OPTIMIZATION_LEVEL = "-O";
				VALIDATE_PRODUCT = YES;
			};
			name = Release;
		};
		C034A7C624D1D1C6008298CF /* Debug */ = {
			isa = XCBuildConfiguration;
			buildSettings = {
				ASSETCATALOG_COMPILER_APPICON_NAME = AppIcon;
				CODE_SIGN_STYLE = Automatic;
				DEVELOPMENT_TEAM = 2VC48V38QW;
				FRAMEWORK_SEARCH_PATHS = (
					"$(inherited)",
					"$(PROJECT_DIR)",
				);
				INFOPLIST_FILE = QubitSwiftFrameworkDebugExampleApp/Info.plist;
				LD_RUNPATH_SEARCH_PATHS = (
					"$(inherited)",
					"@executable_path/Frameworks",
				);
				PRODUCT_BUNDLE_IDENTIFIER = com.qubit.QubitSwiftFrameworkDebugExampleApp;
				PRODUCT_NAME = "$(TARGET_NAME)";
				SWIFT_VERSION = 5.0;
				TARGETED_DEVICE_FAMILY = "1,2";
			};
			name = Debug;
		};
		C034A7C724D1D1C6008298CF /* Release */ = {
			isa = XCBuildConfiguration;
			buildSettings = {
				ASSETCATALOG_COMPILER_APPICON_NAME = AppIcon;
				CODE_SIGN_STYLE = Automatic;
				DEVELOPMENT_TEAM = 2VC48V38QW;
				FRAMEWORK_SEARCH_PATHS = (
					"$(inherited)",
					"$(PROJECT_DIR)",
				);
				INFOPLIST_FILE = QubitSwiftFrameworkDebugExampleApp/Info.plist;
				LD_RUNPATH_SEARCH_PATHS = (
					"$(inherited)",
					"@executable_path/Frameworks",
				);
				PRODUCT_BUNDLE_IDENTIFIER = com.qubit.QubitSwiftFrameworkDebugExampleApp;
				PRODUCT_NAME = "$(TARGET_NAME)";
				SWIFT_VERSION = 5.0;
				TARGETED_DEVICE_FAMILY = "1,2";
			};
			name = Release;
		};
/* End XCBuildConfiguration section */

/* Begin XCConfigurationList section */
		C034A7AC24D1D1C5008298CF /* Build configuration list for PBXProject "QubitSwiftFrameworkDebugExampleApp" */ = {
			isa = XCConfigurationList;
			buildConfigurations = (
				C034A7C324D1D1C6008298CF /* Debug */,
				C034A7C424D1D1C6008298CF /* Release */,
			);
			defaultConfigurationIsVisible = 0;
			defaultConfigurationName = Release;
		};
		C034A7C524D1D1C6008298CF /* Build configuration list for PBXNativeTarget "QubitSwiftFrameworkDebugExampleApp" */ = {
			isa = XCConfigurationList;
			buildConfigurations = (
				C034A7C624D1D1C6008298CF /* Debug */,
				C034A7C724D1D1C6008298CF /* Release */,
			);
			defaultConfigurationIsVisible = 0;
			defaultConfigurationName = Release;
		};
/* End XCConfigurationList section */
	};
	rootObject = C034A7A924D1D1C5008298CF /* Project object */;
}
