// !$*UTF8*$!
{
	archiveVersion = 1;
	classes = {
	};
	objectVersion = 48;
	objects = {

/* Begin PBXBuildFile section */
		278AFD22241AD8BCFBF8C2BC /* Pods_QubitSwiftExampleApp.framework in Frameworks */ = {isa = PBXBuildFile; fileRef = ED478E6C538815FE6C13EBAE /* Pods_QubitSwiftExampleApp.framework */; };
		42DD7B451F55A8D0001CEB7A /* AppDelegate.swift in Sources */ = {isa = PBXBuildFile; fileRef = 42DD7B441F55A8D0001CEB7A /* AppDelegate.swift */; };
		42DD7B471F55A8D0001CEB7A /* ViewController.swift in Sources */ = {isa = PBXBuildFile; fileRef = 42DD7B461F55A8D0001CEB7A /* ViewController.swift */; };
		42DD7B4A1F55A8D0001CEB7A /* Main.storyboard in Resources */ = {isa = PBXBuildFile; fileRef = 42DD7B481F55A8D0001CEB7A /* Main.storyboard */; };
		42DD7B4C1F55A8D0001CEB7A /* Assets.xcassets in Resources */ = {isa = PBXBuildFile; fileRef = 42DD7B4B1F55A8D0001CEB7A /* Assets.xcassets */; };
		42DD7B4F1F55A8D0001CEB7A /* LaunchScreen.storyboard in Resources */ = {isa = PBXBuildFile; fileRef = 42DD7B4D1F55A8D0001CEB7A /* LaunchScreen.storyboard */; };
/* End PBXBuildFile section */

/* Begin PBXFileReference section */
		42DD7B411F55A8D0001CEB7A /* QubitSwiftExampleApp.app */ = {isa = PBXFileReference; explicitFileType = wrapper.application; includeInIndex = 0; path = QubitSwiftExampleApp.app; sourceTree = BUILT_PRODUCTS_DIR; };
		42DD7B441F55A8D0001CEB7A /* AppDelegate.swift */ = {isa = PBXFileReference; lastKnownFileType = sourcecode.swift; path = AppDelegate.swift; sourceTree = "<group>"; };
		42DD7B461F55A8D0001CEB7A /* ViewController.swift */ = {isa = PBXFileReference; lastKnownFileType = sourcecode.swift; path = ViewController.swift; sourceTree = "<group>"; };
		42DD7B491F55A8D0001CEB7A /* Base */ = {isa = PBXFileReference; lastKnownFileType = file.storyboard; name = Base; path = Base.lproj/Main.storyboard; sourceTree = "<group>"; };
		42DD7B4B1F55A8D0001CEB7A /* Assets.xcassets */ = {isa = PBXFileReference; lastKnownFileType = folder.assetcatalog; path = Assets.xcassets; sourceTree = "<group>"; };
		42DD7B4E1F55A8D0001CEB7A /* Base */ = {isa = PBXFileReference; lastKnownFileType = file.storyboard; name = Base; path = Base.lproj/LaunchScreen.storyboard; sourceTree = "<group>"; };
		42DD7B501F55A8D0001CEB7A /* Info.plist */ = {isa = PBXFileReference; lastKnownFileType = text.plist.xml; path = Info.plist; sourceTree = "<group>"; };
		A51AC01880CC1652156A0E55 /* Pods-QubitSwiftExampleApp.release.xcconfig */ = {isa = PBXFileReference; includeInIndex = 1; lastKnownFileType = text.xcconfig; name = "Pods-QubitSwiftExampleApp.release.xcconfig"; path = "Pods/Target Support Files/Pods-QubitSwiftExampleApp/Pods-QubitSwiftExampleApp.release.xcconfig"; sourceTree = "<group>"; };
		CD3BFAA23ED3847E786CA166 /* Pods-QubitSwiftExampleApp.debug.xcconfig */ = {isa = PBXFileReference; includeInIndex = 1; lastKnownFileType = text.xcconfig; name = "Pods-QubitSwiftExampleApp.debug.xcconfig"; path = "Pods/Target Support Files/Pods-QubitSwiftExampleApp/Pods-QubitSwiftExampleApp.debug.xcconfig"; sourceTree = "<group>"; };
		ED478E6C538815FE6C13EBAE /* Pods_QubitSwiftExampleApp.framework */ = {isa = PBXFileReference; explicitFileType = wrapper.framework; includeInIndex = 0; path = Pods_QubitSwiftExampleApp.framework; sourceTree = BUILT_PRODUCTS_DIR; };
/* End PBXFileReference section */

/* Begin PBXFrameworksBuildPhase section */
		42DD7B3E1F55A8D0001CEB7A /* Frameworks */ = {
			isa = PBXFrameworksBuildPhase;
			buildActionMask = 2147483647;
			files = (
				278AFD22241AD8BCFBF8C2BC /* Pods_QubitSwiftExampleApp.framework in Frameworks */,
			);
			runOnlyForDeploymentPostprocessing = 0;
		};
/* End PBXFrameworksBuildPhase section */

/* Begin PBXGroup section */
		42DD7B381F55A8D0001CEB7A = {
			isa = PBXGroup;
			children = (
				42DD7B431F55A8D0001CEB7A /* QubitSwiftExampleApp */,
				42DD7B421F55A8D0001CEB7A /* Products */,
				A42455EC754A430877CEA69D /* Pods */,
				873F4EB825C57D152998B571 /* Frameworks */,
			);
			sourceTree = "<group>";
		};
		42DD7B421F55A8D0001CEB7A /* Products */ = {
			isa = PBXGroup;
			children = (
				42DD7B411F55A8D0001CEB7A /* QubitSwiftExampleApp.app */,
			);
			name = Products;
			sourceTree = "<group>";
		};
		42DD7B431F55A8D0001CEB7A /* QubitSwiftExampleApp */ = {
			isa = PBXGroup;
			children = (
				42DD7B441F55A8D0001CEB7A /* AppDelegate.swift */,
				42DD7B461F55A8D0001CEB7A /* ViewController.swift */,
				42DD7B481F55A8D0001CEB7A /* Main.storyboard */,
				42DD7B4B1F55A8D0001CEB7A /* Assets.xcassets */,
				42DD7B4D1F55A8D0001CEB7A /* LaunchScreen.storyboard */,
				42DD7B501F55A8D0001CEB7A /* Info.plist */,
			);
			path = QubitSwiftExampleApp;
			sourceTree = "<group>";
		};
		873F4EB825C57D152998B571 /* Frameworks */ = {
			isa = PBXGroup;
			children = (
				ED478E6C538815FE6C13EBAE /* Pods_QubitSwiftExampleApp.framework */,
			);
			name = Frameworks;
			sourceTree = "<group>";
		};
		A42455EC754A430877CEA69D /* Pods */ = {
			isa = PBXGroup;
			children = (
				CD3BFAA23ED3847E786CA166 /* Pods-QubitSwiftExampleApp.debug.xcconfig */,
				A51AC01880CC1652156A0E55 /* Pods-QubitSwiftExampleApp.release.xcconfig */,
			);
			name = Pods;
			sourceTree = "<group>";
		};
/* End PBXGroup section */

/* Begin PBXNativeTarget section */
		42DD7B401F55A8D0001CEB7A /* QubitSwiftExampleApp */ = {
			isa = PBXNativeTarget;
			buildConfigurationList = 42DD7B531F55A8D0001CEB7A /* Build configuration list for PBXNativeTarget "QubitSwiftExampleApp" */;
			buildPhases = (
				0C744FA3C1DC477ECD62532D /* [CP] Check Pods Manifest.lock */,
				42DD7B3D1F55A8D0001CEB7A /* Sources */,
				42DD7B3E1F55A8D0001CEB7A /* Frameworks */,
				42DD7B3F1F55A8D0001CEB7A /* Resources */,
				3FA91D5EBED6EB176CE49683 /* [CP] Embed Pods Frameworks */,
				F8FEB8A90246DA4E27677D74 /* [CP] Copy Pods Resources */,
			);
			buildRules = (
			);
			dependencies = (
			);
			name = QubitSwiftExampleApp;
			productName = QubitSwiftExampleApp;
			productReference = 42DD7B411F55A8D0001CEB7A /* QubitSwiftExampleApp.app */;
			productType = "com.apple.product-type.application";
		};
/* End PBXNativeTarget section */

/* Begin PBXProject section */
		42DD7B391F55A8D0001CEB7A /* Project object */ = {
			isa = PBXProject;
			attributes = {
				LastSwiftUpdateCheck = 0900;
				LastUpgradeCheck = 0900;
				ORGANIZATIONNAME = Qubiit;
				TargetAttributes = {
					42DD7B401F55A8D0001CEB7A = {
						CreatedOnToolsVersion = 9.0;
						ProvisioningStyle = Automatic;
					};
				};
			};
			buildConfigurationList = 42DD7B3C1F55A8D0001CEB7A /* Build configuration list for PBXProject "QubitSwiftExampleApp" */;
			compatibilityVersion = "Xcode 8.0";
			developmentRegion = en;
			hasScannedForEncodings = 0;
			knownRegions = (
				en,
				Base,
			);
			mainGroup = 42DD7B381F55A8D0001CEB7A;
			productRefGroup = 42DD7B421F55A8D0001CEB7A /* Products */;
			projectDirPath = "";
			projectRoot = "";
			targets = (
				42DD7B401F55A8D0001CEB7A /* QubitSwiftExampleApp */,
			);
		};
/* End PBXProject section */

/* Begin PBXResourcesBuildPhase section */
		42DD7B3F1F55A8D0001CEB7A /* Resources */ = {
			isa = PBXResourcesBuildPhase;
			buildActionMask = 2147483647;
			files = (
				42DD7B4F1F55A8D0001CEB7A /* LaunchScreen.storyboard in Resources */,
				42DD7B4C1F55A8D0001CEB7A /* Assets.xcassets in Resources */,
				42DD7B4A1F55A8D0001CEB7A /* Main.storyboard in Resources */,
			);
			runOnlyForDeploymentPostprocessing = 0;
		};
/* End PBXResourcesBuildPhase section */

/* Begin PBXShellScriptBuildPhase section */
		0C744FA3C1DC477ECD62532D /* [CP] Check Pods Manifest.lock */ = {
			isa = PBXShellScriptBuildPhase;
			buildActionMask = 2147483647;
			files = (
			);
			inputPaths = (
				"${PODS_PODFILE_DIR_PATH}/Podfile.lock",
				"${PODS_ROOT}/Manifest.lock",
			);
			name = "[CP] Check Pods Manifest.lock";
			outputPaths = (
				"$(DERIVED_FILE_DIR)/Pods-QubitSwiftExampleApp-checkManifestLockResult.txt",
			);
			runOnlyForDeploymentPostprocessing = 0;
			shellPath = /bin/sh;
			shellScript = "diff \"${PODS_PODFILE_DIR_PATH}/Podfile.lock\" \"${PODS_ROOT}/Manifest.lock\" > /dev/null\nif [ $? != 0 ] ; then\n    # print error to STDERR\n    echo \"error: The sandbox is not in sync with the Podfile.lock. Run 'pod install' or update your CocoaPods installation.\" >&2\n    exit 1\nfi\n# This output is used by Xcode 'outputs' to avoid re-running this script phase.\necho \"SUCCESS\" > \"${SCRIPT_OUTPUT_FILE_0}\"\n";
			showEnvVarsInLog = 0;
		};
		3FA91D5EBED6EB176CE49683 /* [CP] Embed Pods Frameworks */ = {
			isa = PBXShellScriptBuildPhase;
			buildActionMask = 2147483647;
			files = (
			);
			inputPaths = (
				"${SRCROOT}/Pods/Target Support Files/Pods-QubitSwiftExampleApp/Pods-QubitSwiftExampleApp-frameworks.sh",
				"${PODS_ROOT}/../../Framework/QBTracker.framework",
			);
			name = "[CP] Embed Pods Frameworks";
			outputPaths = (
				"${TARGET_BUILD_DIR}/${FRAMEWORKS_FOLDER_PATH}/QBTracker.framework",
			);
			runOnlyForDeploymentPostprocessing = 0;
			shellPath = /bin/sh;
			shellScript = "\"${SRCROOT}/Pods/Target Support Files/Pods-QubitSwiftExampleApp/Pods-QubitSwiftExampleApp-frameworks.sh\"\n";
			showEnvVarsInLog = 0;
		};
		F8FEB8A90246DA4E27677D74 /* [CP] Copy Pods Resources */ = {
			isa = PBXShellScriptBuildPhase;
			buildActionMask = 2147483647;
			files = (
			);
			inputPaths = (
			);
			name = "[CP] Copy Pods Resources";
			outputPaths = (
			);
			runOnlyForDeploymentPostprocessing = 0;
			shellPath = /bin/sh;
			shellScript = "\"${SRCROOT}/Pods/Target Support Files/Pods-QubitSwiftExampleApp/Pods-QubitSwiftExampleApp-resources.sh\"\n";
			showEnvVarsInLog = 0;
		};
/* End PBXShellScriptBuildPhase section */

/* Begin PBXSourcesBuildPhase section */
		42DD7B3D1F55A8D0001CEB7A /* Sources */ = {
			isa = PBXSourcesBuildPhase;
			buildActionMask = 2147483647;
			files = (
				42DD7B471F55A8D0001CEB7A /* ViewController.swift in Sources */,
				42DD7B451F55A8D0001CEB7A /* AppDelegate.swift in Sources */,
			);
			runOnlyForDeploymentPostprocessing = 0;
		};
/* End PBXSourcesBuildPhase section */

/* Begin PBXVariantGroup section */
		42DD7B481F55A8D0001CEB7A /* Main.storyboard */ = {
			isa = PBXVariantGroup;
			children = (
				42DD7B491F55A8D0001CEB7A /* Base */,
			);
			name = Main.storyboard;
			sourceTree = "<group>";
		};
		42DD7B4D1F55A8D0001CEB7A /* LaunchScreen.storyboard */ = {
			isa = PBXVariantGroup;
			children = (
				42DD7B4E1F55A8D0001CEB7A /* Base */,
			);
			name = LaunchScreen.storyboard;
			sourceTree = "<group>";
		};
/* End PBXVariantGroup section */

/* Begin XCBuildConfiguration section */
		42DD7B511F55A8D0001CEB7A /* Debug */ = {
			isa = XCBuildConfiguration;
			buildSettings = {
				ALWAYS_SEARCH_USER_PATHS = NO;
				CLANG_ANALYZER_NONNULL = YES;
				CLANG_ANALYZER_NUMBER_OBJECT_CONVERSION = YES_AGGRESSIVE;
				CLANG_CXX_LANGUAGE_STANDARD = "gnu++14";
				CLANG_CXX_LIBRARY = "libc++";
				CLANG_ENABLE_MODULES = YES;
				CLANG_ENABLE_OBJC_ARC = YES;
				CLANG_WARN_BLOCK_CAPTURE_AUTORELEASING = YES;
				CLANG_WARN_BOOL_CONVERSION = YES;
				CLANG_WARN_COMMA = YES;
				CLANG_WARN_CONSTANT_CONVERSION = YES;
				CLANG_WARN_DIRECT_OBJC_ISA_USAGE = YES_ERROR;
				CLANG_WARN_DOCUMENTATION_COMMENTS = YES;
				CLANG_WARN_EMPTY_BODY = YES;
				CLANG_WARN_ENUM_CONVERSION = YES;
				CLANG_WARN_INFINITE_RECURSION = YES;
				CLANG_WARN_INT_CONVERSION = YES;
				CLANG_WARN_NON_LITERAL_NULL_CONVERSION = YES;
				CLANG_WARN_OBJC_LITERAL_CONVERSION = YES;
				CLANG_WARN_OBJC_ROOT_CLASS = YES_ERROR;
				CLANG_WARN_RANGE_LOOP_ANALYSIS = YES;
				CLANG_WARN_STRICT_PROTOTYPES = YES;
				CLANG_WARN_SUSPICIOUS_MOVE = YES;
				CLANG_WARN_UNGUARDED_AVAILABILITY = YES_AGGRESSIVE;
				CLANG_WARN_UNREACHABLE_CODE = YES;
				CLANG_WARN__DUPLICATE_METHOD_MATCH = YES;
				CODE_SIGN_IDENTITY = "iPhone Developer";
				COPY_PHASE_STRIP = NO;
				DEBUG_INFORMATION_FORMAT = dwarf;
				ENABLE_STRICT_OBJC_MSGSEND = YES;
				ENABLE_TESTABILITY = YES;
				GCC_C_LANGUAGE_STANDARD = gnu11;
				GCC_DYNAMIC_NO_PIC = NO;
				GCC_NO_COMMON_BLOCKS = YES;
				GCC_OPTIMIZATION_LEVEL = 0;
				GCC_PREPROCESSOR_DEFINITIONS = (
					"DEBUG=1",
					"$(inherited)",
				);
				GCC_WARN_64_TO_32_BIT_CONVERSION = YES;
				GCC_WARN_ABOUT_RETURN_TYPE = YES_ERROR;
				GCC_WARN_UNDECLARED_SELECTOR = YES;
				GCC_WARN_UNINITIALIZED_AUTOS = YES_AGGRESSIVE;
				GCC_WARN_UNUSED_FUNCTION = YES;
				GCC_WARN_UNUSED_VARIABLE = YES;
				IPHONEOS_DEPLOYMENT_TARGET = 11.0;
				MTL_ENABLE_DEBUG_INFO = YES;
				ONLY_ACTIVE_ARCH = YES;
				SDKROOT = iphoneos;
				SWIFT_ACTIVE_COMPILATION_CONDITIONS = DEBUG;
				SWIFT_OPTIMIZATION_LEVEL = "-Onone";
			};
			name = Debug;
		};
		42DD7B521F55A8D0001CEB7A /* Release */ = {
			isa = XCBuildConfiguration;
			buildSettings = {
				ALWAYS_SEARCH_USER_PATHS = NO;
				CLANG_ANALYZER_NONNULL = YES;
				CLANG_ANALYZER_NUMBER_OBJECT_CONVERSION = YES_AGGRESSIVE;
				CLANG_CXX_LANGUAGE_STANDARD = "gnu++14";
				CLANG_CXX_LIBRARY = "libc++";
				CLANG_ENABLE_MODULES = YES;
				CLANG_ENABLE_OBJC_ARC = YES;
				CLANG_WARN_BLOCK_CAPTURE_AUTORELEASING = YES;
				CLANG_WARN_BOOL_CONVERSION = YES;
				CLANG_WARN_COMMA = YES;
				CLANG_WARN_CONSTANT_CONVERSION = YES;
				CLANG_WARN_DIRECT_OBJC_ISA_USAGE = YES_ERROR;
				CLANG_WARN_DOCUMENTATION_COMMENTS = YES;
				CLANG_WARN_EMPTY_BODY = YES;
				CLANG_WARN_ENUM_CONVERSION = YES;
				CLANG_WARN_INFINITE_RECURSION = YES;
				CLANG_WARN_INT_CONVERSION = YES;
				CLANG_WARN_NON_LITERAL_NULL_CONVERSION = YES;
				CLANG_WARN_OBJC_LITERAL_CONVERSION = YES;
				CLANG_WARN_OBJC_ROOT_CLASS = YES_ERROR;
				CLANG_WARN_RANGE_LOOP_ANALYSIS = YES;
				CLANG_WARN_STRICT_PROTOTYPES = YES;
				CLANG_WARN_SUSPICIOUS_MOVE = YES;
				CLANG_WARN_UNGUARDED_AVAILABILITY = YES_AGGRESSIVE;
				CLANG_WARN_UNREACHABLE_CODE = YES;
				CLANG_WARN__DUPLICATE_METHOD_MATCH = YES;
				CODE_SIGN_IDENTITY = "iPhone Developer";
				COPY_PHASE_STRIP = NO;
				DEBUG_INFORMATION_FORMAT = "dwarf-with-dsym";
				ENABLE_NS_ASSERTIONS = NO;
				ENABLE_STRICT_OBJC_MSGSEND = YES;
				GCC_C_LANGUAGE_STANDARD = gnu11;
				GCC_NO_COMMON_BLOCKS = YES;
				GCC_WARN_64_TO_32_BIT_CONVERSION = YES;
				GCC_WARN_ABOUT_RETURN_TYPE = YES_ERROR;
				GCC_WARN_UNDECLARED_SELECTOR = YES;
				GCC_WARN_UNINITIALIZED_AUTOS = YES_AGGRESSIVE;
				GCC_WARN_UNUSED_FUNCTION = YES;
				GCC_WARN_UNUSED_VARIABLE = YES;
				IPHONEOS_DEPLOYMENT_TARGET = 11.0;
				MTL_ENABLE_DEBUG_INFO = NO;
				SDKROOT = iphoneos;
				SWIFT_OPTIMIZATION_LEVEL = "-Owholemodule";
				VALIDATE_PRODUCT = YES;
			};
			name = Release;
		};
		42DD7B541F55A8D0001CEB7A /* Debug */ = {
			isa = XCBuildConfiguration;
			baseConfigurationReference = CD3BFAA23ED3847E786CA166 /* Pods-QubitSwiftExampleApp.debug.xcconfig */;
			buildSettings = {
				ASSETCATALOG_COMPILER_APPICON_NAME = AppIcon;
				CODE_SIGN_STYLE = Automatic;
				DEVELOPMENT_TEAM = HAWH5C9J75;
				INFOPLIST_FILE = QubitSwiftExampleApp/Info.plist;
				IPHONEOS_DEPLOYMENT_TARGET = 9.0;
				LD_RUNPATH_SEARCH_PATHS = "$(inherited) @executable_path/Frameworks";
				PRODUCT_BUNDLE_IDENTIFIER = com.qubit.QubitSwiftExampleApp;
				PRODUCT_NAME = "$(TARGET_NAME)";
				SWIFT_VERSION = 4.0;
				TARGETED_DEVICE_FAMILY = "1,2";
			};
			name = Debug;
		};
		42DD7B551F55A8D0001CEB7A /* Release */ = {
			isa = XCBuildConfiguration;
			baseConfigurationReference = A51AC01880CC1652156A0E55 /* Pods-QubitSwiftExampleApp.release.xcconfig */;
			buildSettings = {
				ASSETCATALOG_COMPILER_APPICON_NAME = AppIcon;
				CODE_SIGN_STYLE = Automatic;
				DEVELOPMENT_TEAM = HAWH5C9J75;
				INFOPLIST_FILE = QubitSwiftExampleApp/Info.plist;
				IPHONEOS_DEPLOYMENT_TARGET = 9.0;
				LD_RUNPATH_SEARCH_PATHS = "$(inherited) @executable_path/Frameworks";
				PRODUCT_BUNDLE_IDENTIFIER = com.qubit.QubitSwiftExampleApp;
				PRODUCT_NAME = "$(TARGET_NAME)";
				SWIFT_VERSION = 4.0;
				TARGETED_DEVICE_FAMILY = "1,2";
			};
			name = Release;
		};
/* End XCBuildConfiguration section */

/* Begin XCConfigurationList section */
		42DD7B3C1F55A8D0001CEB7A /* Build configuration list for PBXProject "QubitSwiftExampleApp" */ = {
			isa = XCConfigurationList;
			buildConfigurations = (
				42DD7B511F55A8D0001CEB7A /* Debug */,
				42DD7B521F55A8D0001CEB7A /* Release */,
			);
			defaultConfigurationIsVisible = 0;
			defaultConfigurationName = Release;
		};
		42DD7B531F55A8D0001CEB7A /* Build configuration list for PBXNativeTarget "QubitSwiftExampleApp" */ = {
			isa = XCConfigurationList;
			buildConfigurations = (
				42DD7B541F55A8D0001CEB7A /* Debug */,
				42DD7B551F55A8D0001CEB7A /* Release */,
			);
			defaultConfigurationIsVisible = 0;
			defaultConfigurationName = Release;
		};
/* End XCConfigurationList section */
	};
	rootObject = 42DD7B391F55A8D0001CEB7A /* Project object */;
}
